
Microsoft Visual Studio Solution File, Format Version 12.00
# Visual Studio 15
VisualStudioVersion = 15.0.27004.2002
MinimumVisualStudioVersion = 10.0.40219.1
Project("{FAE04EC0-301F-11D3-BF4B-00C04F79EFBC}") = "MLM0.0", "MLM0.0\MLM0.0.csproj", "{F3F7862E-CE55-4832-9ABD-2959B19D1CE0}"
EndProject
Global
	GlobalSection(SolutionConfigurationPlatforms) = preSolution
		Debug|Any CPU = Debug|Any CPU
		Release|Any CPU = Release|Any CPU
	EndGlobalSection
	GlobalSection(ProjectConfigurationPlatforms) = postSolution
		{F3F7862E-CE55-4832-9ABD-2959B19D1CE0}.Debug|Any CPU.ActiveCfg = Debug|Any CPU
		{F3F7862E-CE55-4832-9ABD-2959B19D1CE0}.Debug|Any CPU.Build.0 = Debug|Any CPU
		{F3F7862E-CE55-4832-9ABD-2959B19D1CE0}.Release|Any CPU.ActiveCfg = Release|Any CPU
		{F3F7862E-CE55-4832-9ABD-2959B19D1CE0}.Release|Any CPU.Build.0 = Release|Any CPU
	EndGlobalSection
	GlobalSection(SolutionProperties) = preSolution
		HideSolutionNode = FALSE
	EndGlobalSection
	GlobalSection(ExtensibilityGlobals) = postSolution
		SolutionGuid = {D48A9358-2D20-41D5-87E5-D613BFA8E148}
	EndGlobalSection
EndGlobal
