
Microsoft Visual Studio Solution File, Format Version 12.00
# Visual Studio 15
VisualStudioVersion = 15.0.27004.2002
MinimumVisualStudioVersion = 10.0.40219.1
Project("{FAE04EC0-301F-11D3-BF4B-00C04F79EFBC}") = "module2", "module2\module2.csproj", "{80EB2604-DC1B-4492-9B64-06672F4EFB3C}"
EndProject
Global
	GlobalSection(SolutionConfigurationPlatforms) = preSolution
		Debug|Any CPU = Debug|Any CPU
		Release|Any CPU = Release|Any CPU
	EndGlobalSection
	GlobalSection(ProjectConfigurationPlatforms) = postSolution
		{80EB2604-DC1B-4492-9B64-06672F4EFB3C}.Debug|Any CPU.ActiveCfg = Debug|Any CPU
		{80EB2604-DC1B-4492-9B64-06672F4EFB3C}.Debug|Any CPU.Build.0 = Debug|Any CPU
		{80EB2604-DC1B-4492-9B64-06672F4EFB3C}.Release|Any CPU.ActiveCfg = Release|Any CPU
		{80EB2604-DC1B-4492-9B64-06672F4EFB3C}.Release|Any CPU.Build.0 = Release|Any CPU
	EndGlobalSection
	GlobalSection(SolutionProperties) = preSolution
		HideSolutionNode = FALSE
	EndGlobalSection
	GlobalSection(ExtensibilityGlobals) = postSolution
		SolutionGuid = {26162D50-199D-4DDE-87E2-19C4F544C04C}
	EndGlobalSection
EndGlobal
